// !$*UTF8*$!
{
	archiveVersion = 1;
	classes = {
	};
	objectVersion = 46;
	objects = {

/* Begin PBXBuildFile section */
		CEF3C65B1CF1E51C00E19C23 /* AppDelegate.swift in Sources */ = {isa = PBXBuildFile; fileRef = CEF3C65A1CF1E51C00E19C23 /* AppDelegate.swift */; };
		CEF3C65D1CF1E51C00E19C23 /* ViewController.swift in Sources */ = {isa = PBXBuildFile; fileRef = CEF3C65C1CF1E51C00E19C23 /* ViewController.swift */; };
		CEF3C6601CF1E51C00E19C23 /* Main.storyboard in Resources */ = {isa = PBXBuildFile; fileRef = CEF3C65E1CF1E51C00E19C23 /* Main.storyboard */; };
		CEF3C6621CF1E51C00E19C23 /* Assets.xcassets in Resources */ = {isa = PBXBuildFile; fileRef = CEF3C6611CF1E51C00E19C23 /* Assets.xcassets */; };
		CEF3C6651CF1E51C00E19C23 /* LaunchScreen.storyboard in Resources */ = {isa = PBXBuildFile; fileRef = CEF3C6631CF1E51C00E19C23 /* LaunchScreen.storyboard */; };
		CEF3C6721CF1EBC200E19C23 /* Interface.storyboard in Resources */ = {isa = PBXBuildFile; fileRef = CEF3C6701CF1EBC200E19C23 /* Interface.storyboard */; };
		CEF3C6741CF1EBC200E19C23 /* Assets.xcassets in Resources */ = {isa = PBXBuildFile; fileRef = CEF3C6731CF1EBC200E19C23 /* Assets.xcassets */; };
		CEF3C67B1CF1EBC200E19C23 /* Watch Extension.appex in Embed App Extensions */ = {isa = PBXBuildFile; fileRef = CEF3C67A1CF1EBC200E19C23 /* Watch Extension.appex */; settings = {ATTRIBUTES = (RemoveHeadersOnCopy, ); }; };
		CEF3C6821CF1EBC200E19C23 /* ExtensionDelegate.swift in Sources */ = {isa = PBXBuildFile; fileRef = CEF3C6811CF1EBC200E19C23 /* ExtensionDelegate.swift */; };
		CEF3C6841CF1EBC200E19C23 /* Assets.xcassets in Resources */ = {isa = PBXBuildFile; fileRef = CEF3C6831CF1EBC200E19C23 /* Assets.xcassets */; };
		CEF3C6881CF1EBC200E19C23 /* Watch.app in Embed Watch Content */ = {isa = PBXBuildFile; fileRef = CEF3C66E1CF1EBC200E19C23 /* Watch.app */; };
		CEF3C6921CF2166000E19C23 /* AudiosInterfaceController.swift in Sources */ = {isa = PBXBuildFile; fileRef = CEF3C6911CF2166000E19C23 /* AudiosInterfaceController.swift */; };
		CEF3C6941CF23B7C00E19C23 /* Audios in Resources */ = {isa = PBXBuildFile; fileRef = CEF3C6931CF23B7C00E19C23 /* Audios */; };
		CEF3C6981CF23E8000E19C23 /* FileManager.swift in Sources */ = {isa = PBXBuildFile; fileRef = CEF3C6971CF23E8000E19C23 /* FileManager.swift */; };
/* End PBXBuildFile section */

/* Begin PBXContainerItemProxy section */
		CEF3C67C1CF1EBC200E19C23 /* PBXContainerItemProxy */ = {
			isa = PBXContainerItemProxy;
			containerPortal = CEF3C64F1CF1E51C00E19C23 /* Project object */;
			proxyType = 1;
			remoteGlobalIDString = CEF3C6791CF1EBC200E19C23;
			remoteInfo = "Watch Extension";
		};
		CEF3C6861CF1EBC200E19C23 /* PBXContainerItemProxy */ = {
			isa = PBXContainerItemProxy;
			containerPortal = CEF3C64F1CF1E51C00E19C23 /* Project object */;
			proxyType = 1;
			remoteGlobalIDString = CEF3C66D1CF1EBC200E19C23;
			remoteInfo = Watch;
		};
/* End PBXContainerItemProxy section */

/* Begin PBXCopyFilesBuildPhase section */
		CEF3C68C1CF1EBC200E19C23 /* Embed App Extensions */ = {
			isa = PBXCopyFilesBuildPhase;
			buildActionMask = 2147483647;
			dstPath = "";
			dstSubfolderSpec = 13;
			files = (
				CEF3C67B1CF1EBC200E19C23 /* Watch Extension.appex in Embed App Extensions */,
			);
			name = "Embed App Extensions";
			runOnlyForDeploymentPostprocessing = 0;
		};
		CEF3C6901CF1EBC200E19C23 /* Embed Watch Content */ = {
			isa = PBXCopyFilesBuildPhase;
			buildActionMask = 2147483647;
			dstPath = "$(CONTENTS_FOLDER_PATH)/Watch";
			dstSubfolderSpec = 16;
			files = (
				CEF3C6881CF1EBC200E19C23 /* Watch.app in Embed Watch Content */,
			);
			name = "Embed Watch Content";
			runOnlyForDeploymentPostprocessing = 0;
		};
/* End PBXCopyFilesBuildPhase section */

/* Begin PBXFileReference section */
		CEF3C6571CF1E51C00E19C23 /* MelodyPlayer.app */ = {isa = PBXFileReference; explicitFileType = wrapper.application; includeInIndex = 0; path = MelodyPlayer.app; sourceTree = BUILT_PRODUCTS_DIR; };
		CEF3C65A1CF1E51C00E19C23 /* AppDelegate.swift */ = {isa = PBXFileReference; lastKnownFileType = sourcecode.swift; path = AppDelegate.swift; sourceTree = "<group>"; };
		CEF3C65C1CF1E51C00E19C23 /* ViewController.swift */ = {isa = PBXFileReference; lastKnownFileType = sourcecode.swift; path = ViewController.swift; sourceTree = "<group>"; };
		CEF3C65F1CF1E51C00E19C23 /* Base */ = {isa = PBXFileReference; lastKnownFileType = file.storyboard; name = Base; path = Base.lproj/Main.storyboard; sourceTree = "<group>"; };
		CEF3C6611CF1E51C00E19C23 /* Assets.xcassets */ = {isa = PBXFileReference; lastKnownFileType = folder.assetcatalog; path = Assets.xcassets; sourceTree = "<group>"; };
		CEF3C6641CF1E51C00E19C23 /* Base */ = {isa = PBXFileReference; lastKnownFileType = file.storyboard; name = Base; path = Base.lproj/LaunchScreen.storyboard; sourceTree = "<group>"; };
		CEF3C6661CF1E51C00E19C23 /* Info.plist */ = {isa = PBXFileReference; lastKnownFileType = text.plist.xml; path = Info.plist; sourceTree = "<group>"; };
		CEF3C66E1CF1EBC200E19C23 /* Watch.app */ = {isa = PBXFileReference; explicitFileType = wrapper.application; includeInIndex = 0; path = Watch.app; sourceTree = BUILT_PRODUCTS_DIR; };
		CEF3C6711CF1EBC200E19C23 /* Base */ = {isa = PBXFileReference; lastKnownFileType = file.storyboard; name = Base; path = Base.lproj/Interface.storyboard; sourceTree = "<group>"; };
		CEF3C6731CF1EBC200E19C23 /* Assets.xcassets */ = {isa = PBXFileReference; lastKnownFileType = folder.assetcatalog; path = Assets.xcassets; sourceTree = "<group>"; };
		CEF3C6751CF1EBC200E19C23 /* Info.plist */ = {isa = PBXFileReference; lastKnownFileType = text.plist.xml; path = Info.plist; sourceTree = "<group>"; };
		CEF3C67A1CF1EBC200E19C23 /* Watch Extension.appex */ = {isa = PBXFileReference; explicitFileType = "wrapper.app-extension"; includeInIndex = 0; path = "Watch Extension.appex"; sourceTree = BUILT_PRODUCTS_DIR; };
		CEF3C6811CF1EBC200E19C23 /* ExtensionDelegate.swift */ = {isa = PBXFileReference; lastKnownFileType = sourcecode.swift; path = ExtensionDelegate.swift; sourceTree = "<group>"; };
		CEF3C6831CF1EBC200E19C23 /* Assets.xcassets */ = {isa = PBXFileReference; lastKnownFileType = folder.assetcatalog; path = Assets.xcassets; sourceTree = "<group>"; };
		CEF3C6851CF1EBC200E19C23 /* Info.plist */ = {isa = PBXFileReference; lastKnownFileType = text.plist.xml; path = Info.plist; sourceTree = "<group>"; };
		CEF3C6911CF2166000E19C23 /* AudiosInterfaceController.swift */ = {isa = PBXFileReference; fileEncoding = 4; lastKnownFileType = sourcecode.swift; path = AudiosInterfaceController.swift; sourceTree = "<group>"; };
		CEF3C6931CF23B7C00E19C23 /* Audios */ = {isa = PBXFileReference; lastKnownFileType = folder; path = Audios; sourceTree = "<group>"; };
		CEF3C6971CF23E8000E19C23 /* FileManager.swift */ = {isa = PBXFileReference; fileEncoding = 4; lastKnownFileType = sourcecode.swift; path = FileManager.swift; sourceTree = "<group>"; };
/* End PBXFileReference section */

/* Begin PBXFrameworksBuildPhase section */
		CEF3C6541CF1E51C00E19C23 /* Frameworks */ = {
			isa = PBXFrameworksBuildPhase;
			buildActionMask = 2147483647;
			files = (
			);
			runOnlyForDeploymentPostprocessing = 0;
		};
		CEF3C6771CF1EBC200E19C23 /* Frameworks */ = {
			isa = PBXFrameworksBuildPhase;
			buildActionMask = 2147483647;
			files = (
			);
			runOnlyForDeploymentPostprocessing = 0;
		};
/* End PBXFrameworksBuildPhase section */

/* Begin PBXGroup section */
		CEF3C64E1CF1E51C00E19C23 = {
			isa = PBXGroup;
			children = (
				CEF3C6591CF1E51C00E19C23 /* MelodyPlayer */,
				CEF3C66F1CF1EBC200E19C23 /* Watch */,
				CEF3C67E1CF1EBC200E19C23 /* Watch Extension */,
				CEF3C6581CF1E51C00E19C23 /* Products */,
			);
			sourceTree = "<group>";
		};
		CEF3C6581CF1E51C00E19C23 /* Products */ = {
			isa = PBXGroup;
			children = (
				CEF3C6571CF1E51C00E19C23 /* MelodyPlayer.app */,
				CEF3C66E1CF1EBC200E19C23 /* Watch.app */,
				CEF3C67A1CF1EBC200E19C23 /* Watch Extension.appex */,
			);
			name = Products;
			sourceTree = "<group>";
		};
		CEF3C6591CF1E51C00E19C23 /* MelodyPlayer */ = {
			isa = PBXGroup;
			children = (
				CEF3C65A1CF1E51C00E19C23 /* AppDelegate.swift */,
				CEF3C65C1CF1E51C00E19C23 /* ViewController.swift */,
				CEF3C65E1CF1E51C00E19C23 /* Main.storyboard */,
				CEF3C6611CF1E51C00E19C23 /* Assets.xcassets */,
				CEF3C6631CF1E51C00E19C23 /* LaunchScreen.storyboard */,
				CEF3C6661CF1E51C00E19C23 /* Info.plist */,
			);
			path = MelodyPlayer;
			sourceTree = "<group>";
		};
		CEF3C66F1CF1EBC200E19C23 /* Watch */ = {
			isa = PBXGroup;
			children = (
				CEF3C6701CF1EBC200E19C23 /* Interface.storyboard */,
				CEF3C6731CF1EBC200E19C23 /* Assets.xcassets */,
				CEF3C6751CF1EBC200E19C23 /* Info.plist */,
			);
			path = Watch;
			sourceTree = "<group>";
		};
		CEF3C67E1CF1EBC200E19C23 /* Watch Extension */ = {
			isa = PBXGroup;
			children = (
				CEF3C6911CF2166000E19C23 /* AudiosInterfaceController.swift */,
				CEF3C6811CF1EBC200E19C23 /* ExtensionDelegate.swift */,
				CEF3C6931CF23B7C00E19C23 /* Audios */,
				CEF3C6831CF1EBC200E19C23 /* Assets.xcassets */,
				CEF3C6851CF1EBC200E19C23 /* Info.plist */,
				CEF3C6971CF23E8000E19C23 /* FileManager.swift */,
			);
			path = "Watch Extension";
			sourceTree = "<group>";
		};
/* End PBXGroup section */

/* Begin PBXNativeTarget section */
		CEF3C6561CF1E51C00E19C23 /* MelodyPlayer */ = {
			isa = PBXNativeTarget;
			buildConfigurationList = CEF3C6691CF1E51C00E19C23 /* Build configuration list for PBXNativeTarget "MelodyPlayer" */;
			buildPhases = (
				CEF3C6531CF1E51C00E19C23 /* Sources */,
				CEF3C6541CF1E51C00E19C23 /* Frameworks */,
				CEF3C6551CF1E51C00E19C23 /* Resources */,
				CEF3C6901CF1EBC200E19C23 /* Embed Watch Content */,
			);
			buildRules = (
			);
			dependencies = (
				CEF3C6871CF1EBC200E19C23 /* PBXTargetDependency */,
			);
			name = MelodyPlayer;
			productName = MelodyPlayer;
			productReference = CEF3C6571CF1E51C00E19C23 /* MelodyPlayer.app */;
			productType = "com.apple.product-type.application";
		};
		CEF3C66D1CF1EBC200E19C23 /* Watch */ = {
			isa = PBXNativeTarget;
			buildConfigurationList = CEF3C68D1CF1EBC200E19C23 /* Build configuration list for PBXNativeTarget "Watch" */;
			buildPhases = (
				CEF3C66C1CF1EBC200E19C23 /* Resources */,
				CEF3C68C1CF1EBC200E19C23 /* Embed App Extensions */,
			);
			buildRules = (
			);
			dependencies = (
				CEF3C67D1CF1EBC200E19C23 /* PBXTargetDependency */,
			);
			name = Watch;
			productName = Watch;
			productReference = CEF3C66E1CF1EBC200E19C23 /* Watch.app */;
			productType = "com.apple.product-type.application.watchapp2";
		};
		CEF3C6791CF1EBC200E19C23 /* Watch Extension */ = {
			isa = PBXNativeTarget;
			buildConfigurationList = CEF3C6891CF1EBC200E19C23 /* Build configuration list for PBXNativeTarget "Watch Extension" */;
			buildPhases = (
				CEF3C6761CF1EBC200E19C23 /* Sources */,
				CEF3C6771CF1EBC200E19C23 /* Frameworks */,
				CEF3C6781CF1EBC200E19C23 /* Resources */,
			);
			buildRules = (
			);
			dependencies = (
			);
			name = "Watch Extension";
			productName = "Watch Extension";
			productReference = CEF3C67A1CF1EBC200E19C23 /* Watch Extension.appex */;
			productType = "com.apple.product-type.watchkit2-extension";
		};
/* End PBXNativeTarget section */

/* Begin PBXProject section */
		CEF3C64F1CF1E51C00E19C23 /* Project object */ = {
			isa = PBXProject;
			attributes = {
				LastSwiftUpdateCheck = 0730;
				LastUpgradeCheck = 0730;
				ORGANIZATIONNAME = Patani;
				TargetAttributes = {
					CEF3C6561CF1E51C00E19C23 = {
						CreatedOnToolsVersion = 7.3.1;
					};
					CEF3C66D1CF1EBC200E19C23 = {
						CreatedOnToolsVersion = 7.3.1;
					};
					CEF3C6791CF1EBC200E19C23 = {
						CreatedOnToolsVersion = 7.3.1;
					};
				};
			};
			buildConfigurationList = CEF3C6521CF1E51C00E19C23 /* Build configuration list for PBXProject "MelodyPlayer" */;
			compatibilityVersion = "Xcode 3.2";
			developmentRegion = English;
			hasScannedForEncodings = 0;
			knownRegions = (
				en,
				Base,
			);
			mainGroup = CEF3C64E1CF1E51C00E19C23;
			productRefGroup = CEF3C6581CF1E51C00E19C23 /* Products */;
			projectDirPath = "";
			projectRoot = "";
			targets = (
				CEF3C6561CF1E51C00E19C23 /* MelodyPlayer */,
				CEF3C66D1CF1EBC200E19C23 /* Watch */,
				CEF3C6791CF1EBC200E19C23 /* Watch Extension */,
			);
		};
/* End PBXProject section */

/* Begin PBXResourcesBuildPhase section */
		CEF3C6551CF1E51C00E19C23 /* Resources */ = {
			isa = PBXResourcesBuildPhase;
			buildActionMask = 2147483647;
			files = (
				CEF3C6651CF1E51C00E19C23 /* LaunchScreen.storyboard in Resources */,
				CEF3C6621CF1E51C00E19C23 /* Assets.xcassets in Resources */,
				CEF3C6601CF1E51C00E19C23 /* Main.storyboard in Resources */,
			);
			runOnlyForDeploymentPostprocessing = 0;
		};
		CEF3C66C1CF1EBC200E19C23 /* Resources */ = {
			isa = PBXResourcesBuildPhase;
			buildActionMask = 2147483647;
			files = (
				CEF3C6741CF1EBC200E19C23 /* Assets.xcassets in Resources */,
				CEF3C6721CF1EBC200E19C23 /* Interface.storyboard in Resources */,
			);
			runOnlyForDeploymentPostprocessing = 0;
		};
		CEF3C6781CF1EBC200E19C23 /* Resources */ = {
			isa = PBXResourcesBuildPhase;
			buildActionMask = 2147483647;
			files = (
				CEF3C6841CF1EBC200E19C23 /* Assets.xcassets in Resources */,
				CEF3C6941CF23B7C00E19C23 /* Audios in Resources */,
			);
			runOnlyForDeploymentPostprocessing = 0;
		};
/* End PBXResourcesBuildPhase section */

/* Begin PBXSourcesBuildPhase section */
		CEF3C6531CF1E51C00E19C23 /* Sources */ = {
			isa = PBXSourcesBuildPhase;
			buildActionMask = 2147483647;
			files = (
				CEF3C65D1CF1E51C00E19C23 /* ViewController.swift in Sources */,
				CEF3C65B1CF1E51C00E19C23 /* AppDelegate.swift in Sources */,
			);
			runOnlyForDeploymentPostprocessing = 0;
		};
		CEF3C6761CF1EBC200E19C23 /* Sources */ = {
			isa = PBXSourcesBuildPhase;
			buildActionMask = 2147483647;
			files = (
				CEF3C6981CF23E8000E19C23 /* FileManager.swift in Sources */,
				CEF3C6921CF2166000E19C23 /* AudiosInterfaceController.swift in Sources */,
				CEF3C6821CF1EBC200E19C23 /* ExtensionDelegate.swift in Sources */,
			);
			runOnlyForDeploymentPostprocessing = 0;
		};
/* End PBXSourcesBuildPhase section */

/* Begin PBXTargetDependency section */
		CEF3C67D1CF1EBC200E19C23 /* PBXTargetDependency */ = {
			isa = PBXTargetDependency;
			target = CEF3C6791CF1EBC200E19C23 /* Watch Extension */;
			targetProxy = CEF3C67C1CF1EBC200E19C23 /* PBXContainerItemProxy */;
		};
		CEF3C6871CF1EBC200E19C23 /* PBXTargetDependency */ = {
			isa = PBXTargetDependency;
			target = CEF3C66D1CF1EBC200E19C23 /* Watch */;
			targetProxy = CEF3C6861CF1EBC200E19C23 /* PBXContainerItemProxy */;
		};
/* End PBXTargetDependency section */

/* Begin PBXVariantGroup section */
		CEF3C65E1CF1E51C00E19C23 /* Main.storyboard */ = {
			isa = PBXVariantGroup;
			children = (
				CEF3C65F1CF1E51C00E19C23 /* Base */,
			);
			name = Main.storyboard;
			sourceTree = "<group>";
		};
		CEF3C6631CF1E51C00E19C23 /* LaunchScreen.storyboard */ = {
			isa = PBXVariantGroup;
			children = (
				CEF3C6641CF1E51C00E19C23 /* Base */,
			);
			name = LaunchScreen.storyboard;
			sourceTree = "<group>";
		};
		CEF3C6701CF1EBC200E19C23 /* Interface.storyboard */ = {
			isa = PBXVariantGroup;
			children = (
				CEF3C6711CF1EBC200E19C23 /* Base */,
			);
			name = Interface.storyboard;
			sourceTree = "<group>";
		};
/* End PBXVariantGroup section */

/* Begin XCBuildConfiguration section */
		CEF3C6671CF1E51C00E19C23 /* Debug */ = {
			isa = XCBuildConfiguration;
			buildSettings = {
				ALWAYS_SEARCH_USER_PATHS = NO;
				CLANG_ANALYZER_NONNULL = YES;
				CLANG_CXX_LANGUAGE_STANDARD = "gnu++0x";
				CLANG_CXX_LIBRARY = "libc++";
				CLANG_ENABLE_MODULES = YES;
				CLANG_ENABLE_OBJC_ARC = YES;
				CLANG_WARN_BOOL_CONVERSION = YES;
				CLANG_WARN_CONSTANT_CONVERSION = YES;
				CLANG_WARN_DIRECT_OBJC_ISA_USAGE = YES_ERROR;
				CLANG_WARN_EMPTY_BODY = YES;
				CLANG_WARN_ENUM_CONVERSION = YES;
				CLANG_WARN_INT_CONVERSION = YES;
				CLANG_WARN_OBJC_ROOT_CLASS = YES_ERROR;
				CLANG_WARN_UNREACHABLE_CODE = YES;
				CLANG_WARN__DUPLICATE_METHOD_MATCH = YES;
				"CODE_SIGN_IDENTITY[sdk=iphoneos*]" = "iPhone Developer";
				COPY_PHASE_STRIP = NO;
				DEBUG_INFORMATION_FORMAT = dwarf;
				ENABLE_STRICT_OBJC_MSGSEND = YES;
				ENABLE_TESTABILITY = YES;
				GCC_C_LANGUAGE_STANDARD = gnu99;
				GCC_DYNAMIC_NO_PIC = NO;
				GCC_NO_COMMON_BLOCKS = YES;
				GCC_OPTIMIZATION_LEVEL = 0;
				GCC_PREPROCESSOR_DEFINITIONS = (
					"DEBUG=1",
					"$(inherited)",
				);
				GCC_WARN_64_TO_32_BIT_CONVERSION = YES;
				GCC_WARN_ABOUT_RETURN_TYPE = YES_ERROR;
				GCC_WARN_UNDECLARED_SELECTOR = YES;
				GCC_WARN_UNINITIALIZED_AUTOS = YES_AGGRESSIVE;
				GCC_WARN_UNUSED_FUNCTION = YES;
				GCC_WARN_UNUSED_VARIABLE = YES;
				IPHONEOS_DEPLOYMENT_TARGET = 9.3;
				MTL_ENABLE_DEBUG_INFO = YES;
				ONLY_ACTIVE_ARCH = YES;
				SDKROOT = iphoneos;
				SWIFT_OPTIMIZATION_LEVEL = "-Onone";
			};
			name = Debug;
		};
		CEF3C6681CF1E51C00E19C23 /* Release */ = {
			isa = XCBuildConfiguration;
			buildSettings = {
				ALWAYS_SEARCH_USER_PATHS = NO;
				CLANG_ANALYZER_NONNULL = YES;
				CLANG_CXX_LANGUAGE_STANDARD = "gnu++0x";
				CLANG_CXX_LIBRARY = "libc++";
				CLANG_ENABLE_MODULES = YES;
				CLANG_ENABLE_OBJC_ARC = YES;
				CLANG_WARN_BOOL_CONVERSION = YES;
				CLANG_WARN_CONSTANT_CONVERSION = YES;
				CLANG_WARN_DIRECT_OBJC_ISA_USAGE = YES_ERROR;
				CLANG_WARN_EMPTY_BODY = YES;
				CLANG_WARN_ENUM_CONVERSION = YES;
				CLANG_WARN_INT_CONVERSION = YES;
				CLANG_WARN_OBJC_ROOT_CLASS = YES_ERROR;
				CLANG_WARN_UNREACHABLE_CODE = YES;
				CLANG_WARN__DUPLICATE_METHOD_MATCH = YES;
				"CODE_SIGN_IDENTITY[sdk=iphoneos*]" = "iPhone Developer";
				COPY_PHASE_STRIP = NO;
				DEBUG_INFORMATION_FORMAT = "dwarf-with-dsym";
				ENABLE_NS_ASSERTIONS = NO;
				ENABLE_STRICT_OBJC_MSGSEND = YES;
				GCC_C_LANGUAGE_STANDARD = gnu99;
				GCC_NO_COMMON_BLOCKS = YES;
				GCC_WARN_64_TO_32_BIT_CONVERSION = YES;
				GCC_WARN_ABOUT_RETURN_TYPE = YES_ERROR;
				GCC_WARN_UNDECLARED_SELECTOR = YES;
				GCC_WARN_UNINITIALIZED_AUTOS = YES_AGGRESSIVE;
				GCC_WARN_UNUSED_FUNCTION = YES;
				GCC_WARN_UNUSED_VARIABLE = YES;
				IPHONEOS_DEPLOYMENT_TARGET = 9.3;
				MTL_ENABLE_DEBUG_INFO = NO;
				SDKROOT = iphoneos;
				VALIDATE_PRODUCT = YES;
			};
			name = Release;
		};
		CEF3C66A1CF1E51C00E19C23 /* Debug */ = {
			isa = XCBuildConfiguration;
			buildSettings = {
				ASSETCATALOG_COMPILER_APPICON_NAME = AppIcon;
				INFOPLIST_FILE = MelodyPlayer/Info.plist;
				LD_RUNPATH_SEARCH_PATHS = "$(inherited) @executable_path/Frameworks";
				PRODUCT_BUNDLE_IDENTIFIER = com.mpatani.MelodyPlayer;
				PRODUCT_NAME = "$(TARGET_NAME)";
			};
			name = Debug;
		};
		CEF3C66B1CF1E51C00E19C23 /* Release */ = {
			isa = XCBuildConfiguration;
			buildSettings = {
				ASSETCATALOG_COMPILER_APPICON_NAME = AppIcon;
				INFOPLIST_FILE = MelodyPlayer/Info.plist;
				LD_RUNPATH_SEARCH_PATHS = "$(inherited) @executable_path/Frameworks";
				PRODUCT_BUNDLE_IDENTIFIER = com.mpatani.MelodyPlayer;
				PRODUCT_NAME = "$(TARGET_NAME)";
			};
			name = Release;
		};
		CEF3C68A1CF1EBC200E19C23 /* Debug */ = {
			isa = XCBuildConfiguration;
			buildSettings = {
				INFOPLIST_FILE = "Watch Extension/Info.plist";
				LD_RUNPATH_SEARCH_PATHS = "$(inherited) @executable_path/Frameworks @executable_path/../../Frameworks";
				PRODUCT_BUNDLE_IDENTIFIER = com.mpatani.MelodyPlayer.watchkitapp.watchkitextension;
				PRODUCT_NAME = "${TARGET_NAME}";
				SDKROOT = watchos;
				SKIP_INSTALL = YES;
				TARGETED_DEVICE_FAMILY = 4;
				WATCHOS_DEPLOYMENT_TARGET = 2.2;
			};
			name = Debug;
		};
		CEF3C68B1CF1EBC200E19C23 /* Release */ = {
			isa = XCBuildConfiguration;
			buildSettings = {
				INFOPLIST_FILE = "Watch Extension/Info.plist";
				LD_RUNPATH_SEARCH_PATHS = "$(inherited) @executable_path/Frameworks @executable_path/../../Frameworks";
				PRODUCT_BUNDLE_IDENTIFIER = com.mpatani.MelodyPlayer.watchkitapp.watchkitextension;
				PRODUCT_NAME = "${TARGET_NAME}";
				SDKROOT = watchos;
				SKIP_INSTALL = YES;
				TARGETED_DEVICE_FAMILY = 4;
				WATCHOS_DEPLOYMENT_TARGET = 2.2;
			};
			name = Release;
		};
		CEF3C68E1CF1EBC200E19C23 /* Debug */ = {
			isa = XCBuildConfiguration;
			buildSettings = {
				ASSETCATALOG_COMPILER_APPICON_NAME = AppIcon;
				EMBEDDED_CONTENT_CONTAINS_SWIFT = YES;
				IBSC_MODULE = Watch_Extension;
				INFOPLIST_FILE = Watch/Info.plist;
				PRODUCT_BUNDLE_IDENTIFIER = com.mpatani.MelodyPlayer.watchkitapp;
				PRODUCT_NAME = "$(TARGET_NAME)";
				SDKROOT = watchos;
				SKIP_INSTALL = YES;
				TARGETED_DEVICE_FAMILY = 4;
				WATCHOS_DEPLOYMENT_TARGET = 2.2;
			};
			name = Debug;
		};
		CEF3C68F1CF1EBC200E19C23 /* Release */ = {
			isa = XCBuildConfiguration;
			buildSettings = {
				ASSETCATALOG_COMPILER_APPICON_NAME = AppIcon;
				EMBEDDED_CONTENT_CONTAINS_SWIFT = YES;
				IBSC_MODULE = Watch_Extension;
				INFOPLIST_FILE = Watch/Info.plist;
				PRODUCT_BUNDLE_IDENTIFIER = com.mpatani.MelodyPlayer.watchkitapp;
				PRODUCT_NAME = "$(TARGET_NAME)";
				SDKROOT = watchos;
				SKIP_INSTALL = YES;
				TARGETED_DEVICE_FAMILY = 4;
				WATCHOS_DEPLOYMENT_TARGET = 2.2;
			};
			name = Release;
		};
/* End XCBuildConfiguration section */

/* Begin XCConfigurationList section */
		CEF3C6521CF1E51C00E19C23 /* Build configuration list for PBXProject "MelodyPlayer" */ = {
			isa = XCConfigurationList;
			buildConfigurations = (
				CEF3C6671CF1E51C00E19C23 /* Debug */,
				CEF3C6681CF1E51C00E19C23 /* Release */,
			);
			defaultConfigurationIsVisible = 0;
			defaultConfigurationName = Release;
		};
		CEF3C6691CF1E51C00E19C23 /* Build configuration list for PBXNativeTarget "MelodyPlayer" */ = {
			isa = XCConfigurationList;
			buildConfigurations = (
				CEF3C66A1CF1E51C00E19C23 /* Debug */,
				CEF3C66B1CF1E51C00E19C23 /* Release */,
			);
			defaultConfigurationIsVisible = 0;
		};
		CEF3C6891CF1EBC200E19C23 /* Build configuration list for PBXNativeTarget "Watch Extension" */ = {
			isa = XCConfigurationList;
			buildConfigurations = (
				CEF3C68A1CF1EBC200E19C23 /* Debug */,
				CEF3C68B1CF1EBC200E19C23 /* Release */,
			);
			defaultConfigurationIsVisible = 0;
		};
		CEF3C68D1CF1EBC200E19C23 /* Build configuration list for PBXNativeTarget "Watch" */ = {
			isa = XCConfigurationList;
			buildConfigurations = (
				CEF3C68E1CF1EBC200E19C23 /* Debug */,
				CEF3C68F1CF1EBC200E19C23 /* Release */,
			);
			defaultConfigurationIsVisible = 0;
		};
/* End XCConfigurationList section */
	};
	rootObject = CEF3C64F1CF1E51C00E19C23 /* Project object */;
}
